
Microsoft Visual Studio Solution File, Format Version 12.00
# Visual Studio 15
VisualStudioVersion = 15.0.28010.2026
MinimumVisualStudioVersion = 10.0.40219.1
Project("{FAE04EC0-301F-11D3-BF4B-00C04F79EFBC}") = "Testing", "Testing\Testing.csproj", "{711F2909-904A-43F5-9D55-5B88ECC879A2}"
EndProject
Global
	GlobalSection(SolutionConfigurationPlatforms) = preSolution
		Debug|Any CPU = Debug|Any CPU
		Release|Any CPU = Release|Any CPU
	EndGlobalSection
	GlobalSection(ProjectConfigurationPlatforms) = postSolution
		{711F2909-904A-43F5-9D55-5B88ECC879A2}.Debug|Any CPU.ActiveCfg = Debug|Any CPU
		{711F2909-904A-43F5-9D55-5B88ECC879A2}.Debug|Any CPU.Build.0 = Debug|Any CPU
		{711F2909-904A-43F5-9D55-5B88ECC879A2}.Release|Any CPU.ActiveCfg = Release|Any CPU
		{711F2909-904A-43F5-9D55-5B88ECC879A2}.Release|Any CPU.Build.0 = Release|Any CPU
	EndGlobalSection
	GlobalSection(SolutionProperties) = preSolution
		HideSolutionNode = FALSE
	EndGlobalSection
	GlobalSection(ExtensibilityGlobals) = postSolution
		SolutionGuid = {0888B97C-DF0F-410A-88E3-B1FFD4A03A9B}
	EndGlobalSection
EndGlobal
